
Microsoft Visual Studio Solution File, Format Version 12.00
# Visual Studio Version 17
VisualStudioVersion = 17.14.36429.23 d17.14
MinimumVisualStudioVersion = 10.0.40219.1
Project("{FAE04EC0-301F-11D3-BF4B-00C04F79EFBC}") = "Ciklus2.0", "Ciklus2.0\Ciklus2.0.csproj", "{F8317308-A33E-4D0D-8C04-A80BF23FDF68}"
EndProject
Project("{FAE04EC0-301F-11D3-BF4B-00C04F79EFBC}") = "Cklus 2.0 gyakorlás", "Cklus 2.0 gyakorlás\Cklus 2.0 gyakorlás.csproj", "{68AE37EE-7CA8-4322-8ED6-61CDCC46ED76}"
EndProject
Project("{FAE04EC0-301F-11D3-BF4B-00C04F79EFBC}") = "for ciklus 2.0 gyakorlás2", "for ciklus 2.0 gyakorlás2\for ciklus 2.0 gyakorlás2.csproj", "{99AD8446-46FB-416F-A858-907D3EF690DA}"
EndProject
Global
	GlobalSection(SolutionConfigurationPlatforms) = preSolution
		Debug|Any CPU = Debug|Any CPU
		Release|Any CPU = Release|Any CPU
	EndGlobalSection
	GlobalSection(ProjectConfigurationPlatforms) = postSolution
		{F8317308-A33E-4D0D-8C04-A80BF23FDF68}.Debug|Any CPU.ActiveCfg = Debug|Any CPU
		{F8317308-A33E-4D0D-8C04-A80BF23FDF68}.Debug|Any CPU.Build.0 = Debug|Any CPU
		{F8317308-A33E-4D0D-8C04-A80BF23FDF68}.Release|Any CPU.ActiveCfg = Release|Any CPU
		{F8317308-A33E-4D0D-8C04-A80BF23FDF68}.Release|Any CPU.Build.0 = Release|Any CPU
		{68AE37EE-7CA8-4322-8ED6-61CDCC46ED76}.Debug|Any CPU.ActiveCfg = Debug|Any CPU
		{68AE37EE-7CA8-4322-8ED6-61CDCC46ED76}.Debug|Any CPU.Build.0 = Debug|Any CPU
		{68AE37EE-7CA8-4322-8ED6-61CDCC46ED76}.Release|Any CPU.ActiveCfg = Release|Any CPU
		{68AE37EE-7CA8-4322-8ED6-61CDCC46ED76}.Release|Any CPU.Build.0 = Release|Any CPU
		{99AD8446-46FB-416F-A858-907D3EF690DA}.Debug|Any CPU.ActiveCfg = Debug|Any CPU
		{99AD8446-46FB-416F-A858-907D3EF690DA}.Debug|Any CPU.Build.0 = Debug|Any CPU
		{99AD8446-46FB-416F-A858-907D3EF690DA}.Release|Any CPU.ActiveCfg = Release|Any CPU
		{99AD8446-46FB-416F-A858-907D3EF690DA}.Release|Any CPU.Build.0 = Release|Any CPU
	EndGlobalSection
	GlobalSection(SolutionProperties) = preSolution
		HideSolutionNode = FALSE
	EndGlobalSection
	GlobalSection(ExtensibilityGlobals) = postSolution
		SolutionGuid = {1EFE3E2F-8B8D-481F-8486-C28520D3E0B9}
	EndGlobalSection
EndGlobal
