
Microsoft Visual Studio Solution File, Format Version 12.00
# Visual Studio Version 17
VisualStudioVersion = 17.14.36429.23 d17.14
MinimumVisualStudioVersion = 10.0.40219.1
Project("{FAE04EC0-301F-11D3-BF4B-00C04F79EFBC}") = "struktúrák", "struktúrák\struktúrák.csproj", "{AD6C82C0-7E46-4BF2-8F96-563819323AF4}"
EndProject
Project("{FAE04EC0-301F-11D3-BF4B-00C04F79EFBC}") = "saját osztály", "saját osztály\saját osztály.csproj", "{C6449771-13CD-4199-9353-D6635A7B0F51}"
EndProject
Global
	GlobalSection(SolutionConfigurationPlatforms) = preSolution
		Debug|Any CPU = Debug|Any CPU
		Release|Any CPU = Release|Any CPU
	EndGlobalSection
	GlobalSection(ProjectConfigurationPlatforms) = postSolution
		{AD6C82C0-7E46-4BF2-8F96-563819323AF4}.Debug|Any CPU.ActiveCfg = Debug|Any CPU
		{AD6C82C0-7E46-4BF2-8F96-563819323AF4}.Debug|Any CPU.Build.0 = Debug|Any CPU
		{AD6C82C0-7E46-4BF2-8F96-563819323AF4}.Release|Any CPU.ActiveCfg = Release|Any CPU
		{AD6C82C0-7E46-4BF2-8F96-563819323AF4}.Release|Any CPU.Build.0 = Release|Any CPU
		{C6449771-13CD-4199-9353-D6635A7B0F51}.Debug|Any CPU.ActiveCfg = Debug|Any CPU
		{C6449771-13CD-4199-9353-D6635A7B0F51}.Debug|Any CPU.Build.0 = Debug|Any CPU
		{C6449771-13CD-4199-9353-D6635A7B0F51}.Release|Any CPU.ActiveCfg = Release|Any CPU
		{C6449771-13CD-4199-9353-D6635A7B0F51}.Release|Any CPU.Build.0 = Release|Any CPU
	EndGlobalSection
	GlobalSection(SolutionProperties) = preSolution
		HideSolutionNode = FALSE
	EndGlobalSection
	GlobalSection(ExtensibilityGlobals) = postSolution
		SolutionGuid = {9D198F29-E832-495C-989D-A02F81EDD48B}
	EndGlobalSection
EndGlobal
