
Microsoft Visual Studio Solution File, Format Version 12.00
# Visual Studio Version 17
VisualStudioVersion = 17.14.36414.22 d17.14
MinimumVisualStudioVersion = 10.0.40219.1
Project("{FAE04EC0-301F-11D3-BF4B-00C04F79EFBC}") = "Elso munkam", "Elso munkam\Elso munkam.csproj", "{77767398-310C-4D15-B3EC-E919AC64C029}"
EndProject
Global
	GlobalSection(SolutionConfigurationPlatforms) = preSolution
		Debug|Any CPU = Debug|Any CPU
		Release|Any CPU = Release|Any CPU
	EndGlobalSection
	GlobalSection(ProjectConfigurationPlatforms) = postSolution
		{77767398-310C-4D15-B3EC-E919AC64C029}.Debug|Any CPU.ActiveCfg = Debug|Any CPU
		{77767398-310C-4D15-B3EC-E919AC64C029}.Debug|Any CPU.Build.0 = Debug|Any CPU
		{77767398-310C-4D15-B3EC-E919AC64C029}.Release|Any CPU.ActiveCfg = Release|Any CPU
		{77767398-310C-4D15-B3EC-E919AC64C029}.Release|Any CPU.Build.0 = Release|Any CPU
	EndGlobalSection
	GlobalSection(SolutionProperties) = preSolution
		HideSolutionNode = FALSE
	EndGlobalSection
	GlobalSection(ExtensibilityGlobals) = postSolution
		SolutionGuid = {F3B60782-6265-4CC4-8FEC-DAC91A98A6AE}
	EndGlobalSection
EndGlobal
