
Microsoft Visual Studio Solution File, Format Version 12.00
# Visual Studio Version 17
VisualStudioVersion = 17.14.36429.23 d17.14
MinimumVisualStudioVersion = 10.0.40219.1
Project("{FAE04EC0-301F-11D3-BF4B-00C04F79EFBC}") = "Osztályok", "Osztályok\Osztályok.csproj", "{ED81C526-C8C4-4DA0-B967-5D79E96863B0}"
EndProject
Project("{FAE04EC0-301F-11D3-BF4B-00C04F79EFBC}") = "Osztályok2", "Osztályok2\Osztályok2.csproj", "{229E9C14-30D1-4C15-93D2-3A66C2303D08}"
EndProject
Project("{FAE04EC0-301F-11D3-BF4B-00C04F79EFBC}") = "Bank", "Bank\Bank.csproj", "{BBA11E7A-8BF6-449B-B1EA-A033D2591CFC}"
EndProject
Global
	GlobalSection(SolutionConfigurationPlatforms) = preSolution
		Debug|Any CPU = Debug|Any CPU
		Release|Any CPU = Release|Any CPU
	EndGlobalSection
	GlobalSection(ProjectConfigurationPlatforms) = postSolution
		{ED81C526-C8C4-4DA0-B967-5D79E96863B0}.Debug|Any CPU.ActiveCfg = Debug|Any CPU
		{ED81C526-C8C4-4DA0-B967-5D79E96863B0}.Debug|Any CPU.Build.0 = Debug|Any CPU
		{ED81C526-C8C4-4DA0-B967-5D79E96863B0}.Release|Any CPU.ActiveCfg = Release|Any CPU
		{ED81C526-C8C4-4DA0-B967-5D79E96863B0}.Release|Any CPU.Build.0 = Release|Any CPU
		{229E9C14-30D1-4C15-93D2-3A66C2303D08}.Debug|Any CPU.ActiveCfg = Debug|Any CPU
		{229E9C14-30D1-4C15-93D2-3A66C2303D08}.Debug|Any CPU.Build.0 = Debug|Any CPU
		{229E9C14-30D1-4C15-93D2-3A66C2303D08}.Release|Any CPU.ActiveCfg = Release|Any CPU
		{229E9C14-30D1-4C15-93D2-3A66C2303D08}.Release|Any CPU.Build.0 = Release|Any CPU
		{BBA11E7A-8BF6-449B-B1EA-A033D2591CFC}.Debug|Any CPU.ActiveCfg = Debug|Any CPU
		{BBA11E7A-8BF6-449B-B1EA-A033D2591CFC}.Debug|Any CPU.Build.0 = Debug|Any CPU
		{BBA11E7A-8BF6-449B-B1EA-A033D2591CFC}.Release|Any CPU.ActiveCfg = Release|Any CPU
		{BBA11E7A-8BF6-449B-B1EA-A033D2591CFC}.Release|Any CPU.Build.0 = Release|Any CPU
	EndGlobalSection
	GlobalSection(SolutionProperties) = preSolution
		HideSolutionNode = FALSE
	EndGlobalSection
	GlobalSection(ExtensibilityGlobals) = postSolution
		SolutionGuid = {7A261022-480A-4EFB-82A1-360FDFFA5F15}
	EndGlobalSection
EndGlobal
