
Microsoft Visual Studio Solution File, Format Version 12.00
# Visual Studio Version 17
VisualStudioVersion = 17.14.36414.22 d17.14
MinimumVisualStudioVersion = 10.0.40219.1
Project("{FAE04EC0-301F-11D3-BF4B-00C04F79EFBC}") = "játék0.1", "játék0.1\játék0.1.csproj", "{539966FA-E46A-4BE9-9C29-2F64E977E8B1}"
EndProject
Global
	GlobalSection(SolutionConfigurationPlatforms) = preSolution
		Debug|Any CPU = Debug|Any CPU
		Release|Any CPU = Release|Any CPU
	EndGlobalSection
	GlobalSection(ProjectConfigurationPlatforms) = postSolution
		{539966FA-E46A-4BE9-9C29-2F64E977E8B1}.Debug|Any CPU.ActiveCfg = Debug|Any CPU
		{539966FA-E46A-4BE9-9C29-2F64E977E8B1}.Debug|Any CPU.Build.0 = Debug|Any CPU
		{539966FA-E46A-4BE9-9C29-2F64E977E8B1}.Release|Any CPU.ActiveCfg = Release|Any CPU
		{539966FA-E46A-4BE9-9C29-2F64E977E8B1}.Release|Any CPU.Build.0 = Release|Any CPU
	EndGlobalSection
	GlobalSection(SolutionProperties) = preSolution
		HideSolutionNode = FALSE
	EndGlobalSection
	GlobalSection(ExtensibilityGlobals) = postSolution
		SolutionGuid = {C6915BF5-9AEF-4A15-9CEB-FEB431D058C8}
	EndGlobalSection
EndGlobal
