
Microsoft Visual Studio Solution File, Format Version 12.00
# Visual Studio Version 17
VisualStudioVersion = 17.14.36429.23 d17.14
MinimumVisualStudioVersion = 10.0.40219.1
Project("{FAE04EC0-301F-11D3-BF4B-00C04F79EFBC}") = "Tulajdonságok", "Tulajdonságok\Tulajdonságok.csproj", "{A203E3A6-1DB7-404F-B644-EB441F407A72}"
EndProject
Global
	GlobalSection(SolutionConfigurationPlatforms) = preSolution
		Debug|Any CPU = Debug|Any CPU
		Release|Any CPU = Release|Any CPU
	EndGlobalSection
	GlobalSection(ProjectConfigurationPlatforms) = postSolution
		{A203E3A6-1DB7-404F-B644-EB441F407A72}.Debug|Any CPU.ActiveCfg = Debug|Any CPU
		{A203E3A6-1DB7-404F-B644-EB441F407A72}.Debug|Any CPU.Build.0 = Debug|Any CPU
		{A203E3A6-1DB7-404F-B644-EB441F407A72}.Release|Any CPU.ActiveCfg = Release|Any CPU
		{A203E3A6-1DB7-404F-B644-EB441F407A72}.Release|Any CPU.Build.0 = Release|Any CPU
	EndGlobalSection
	GlobalSection(SolutionProperties) = preSolution
		HideSolutionNode = FALSE
	EndGlobalSection
	GlobalSection(ExtensibilityGlobals) = postSolution
		SolutionGuid = {747FB0A4-2290-4E48-9F38-221A20A35FFB}
	EndGlobalSection
EndGlobal
